{
  "originHash" : "bfbf6a9ff65432409d156080dc127da07d4be04b8d4ede9cf79606f3654518b0",
  "pins" : [
    {
      "identity" : "kinkit",
      "kind" : "remoteSourceControl",
      "location" : "https://github.com/southkin/KinKit",
      "state" : {
        "revision" : "83c49b8c72aa24a458cbde45a266ead1c4fd5f1e",
        "version" : "1.0.3"
      }
    }
  ],
  "version" : 3
}
